
Microsoft Visual Studio Solution File, Format Version 12.00
Project("{FAE04EC0-301F-11D3-BF4B-00C04F79EFBC}") = "Auditoria.Api", "Auditoria.Api\Auditoria.Api.csproj", "{83397109-EF86-4B66-8CF6-6C4589B0AAA4}"
EndProject
Project("{2150E333-8FDC-42A3-9474-1A3956D46DE8}") = "Solution Items", "Solution Items", "{C75087AE-4F71-49D6-8517-DC678C98D7FA}"
	ProjectSection(SolutionItems) = preProject
		docker-compose.yml = docker-compose.yml
	EndProjectSection
EndProject
Project("{FAE04EC0-301F-11D3-BF4B-00C04F79EFBC}") = "Auditoria.Aplicacao", "Auditoria.Aplicacao\Auditoria.Aplicacao.csproj", "{8700AADE-B4B4-48CA-95EC-4855EC33BF3C}"
EndProject
Project("{FAE04EC0-301F-11D3-BF4B-00C04F79EFBC}") = "Auditoria.Dominio", "Auditoria.Dominio\Auditoria.Dominio.csproj", "{333663C7-E53C-422F-A27B-A4A97E7A24CE}"
EndProject
Project("{FAE04EC0-301F-11D3-BF4B-00C04F79EFBC}") = "Auditoria.Infra", "Auditoria.Infra\Auditoria.Infra.csproj", "{D5F2D927-17FB-48E5-9388-D5C5B819A075}"
EndProject
Project("{FAE04EC0-301F-11D3-BF4B-00C04F79EFBC}") = "Auditoria.MongoDb", "Auditoria.MongoDb\Auditoria.MongoDb.csproj", "{2721205A-63FD-4E38-9DC3-8C9996FB6716}"
EndProject
Project("{2150E333-8FDC-42A3-9474-1A3956D46DE8}") = "Auditoria", "Auditoria", "{EF5E46F7-AFC2-40BC-BAAA-76A171E19E4F}"
EndProject
Project("{2150E333-8FDC-42A3-9474-1A3956D46DE8}") = "Testes", "Testes", "{A233F90C-EDDA-428F-9BF4-317D2AF9F4CB}"
EndProject
Project("{FAE04EC0-301F-11D3-BF4B-00C04F79EFBC}") = "Auditoria.DominioTest", "Auditoria.DominioTest\Auditoria.DominioTest.csproj", "{8733CBCE-0099-477B-882C-B71A76361C23}"
EndProject
Project("{FAE04EC0-301F-11D3-BF4B-00C04F79EFBC}") = "Auditoria.MongoDbTest", "Auditoria.MongoDbTest\Auditoria.MongoDbTest.csproj", "{0B8E8AE1-241A-476B-BC64-37FBCF742971}"
EndProject
Project("{FAE04EC0-301F-11D3-BF4B-00C04F79EFBC}") = "Auditoria.TestInfra", "Auditoria.TestInfra\Auditoria.TestInfra.csproj", "{C2C3D1EF-26C1-4625-A8C0-D01D7141CD00}"
EndProject
Global
	GlobalSection(SolutionConfigurationPlatforms) = preSolution
		Debug|Any CPU = Debug|Any CPU
		Release|Any CPU = Release|Any CPU
	EndGlobalSection
	GlobalSection(ProjectConfigurationPlatforms) = postSolution
		{83397109-EF86-4B66-8CF6-6C4589B0AAA4}.Debug|Any CPU.ActiveCfg = Debug|Any CPU
		{83397109-EF86-4B66-8CF6-6C4589B0AAA4}.Debug|Any CPU.Build.0 = Debug|Any CPU
		{83397109-EF86-4B66-8CF6-6C4589B0AAA4}.Release|Any CPU.ActiveCfg = Release|Any CPU
		{83397109-EF86-4B66-8CF6-6C4589B0AAA4}.Release|Any CPU.Build.0 = Release|Any CPU
		{8700AADE-B4B4-48CA-95EC-4855EC33BF3C}.Debug|Any CPU.ActiveCfg = Debug|Any CPU
		{8700AADE-B4B4-48CA-95EC-4855EC33BF3C}.Debug|Any CPU.Build.0 = Debug|Any CPU
		{8700AADE-B4B4-48CA-95EC-4855EC33BF3C}.Release|Any CPU.ActiveCfg = Release|Any CPU
		{8700AADE-B4B4-48CA-95EC-4855EC33BF3C}.Release|Any CPU.Build.0 = Release|Any CPU
		{333663C7-E53C-422F-A27B-A4A97E7A24CE}.Debug|Any CPU.ActiveCfg = Debug|Any CPU
		{333663C7-E53C-422F-A27B-A4A97E7A24CE}.Debug|Any CPU.Build.0 = Debug|Any CPU
		{333663C7-E53C-422F-A27B-A4A97E7A24CE}.Release|Any CPU.ActiveCfg = Release|Any CPU
		{333663C7-E53C-422F-A27B-A4A97E7A24CE}.Release|Any CPU.Build.0 = Release|Any CPU
		{D5F2D927-17FB-48E5-9388-D5C5B819A075}.Debug|Any CPU.ActiveCfg = Debug|Any CPU
		{D5F2D927-17FB-48E5-9388-D5C5B819A075}.Debug|Any CPU.Build.0 = Debug|Any CPU
		{D5F2D927-17FB-48E5-9388-D5C5B819A075}.Release|Any CPU.ActiveCfg = Release|Any CPU
		{D5F2D927-17FB-48E5-9388-D5C5B819A075}.Release|Any CPU.Build.0 = Release|Any CPU
		{2721205A-63FD-4E38-9DC3-8C9996FB6716}.Debug|Any CPU.ActiveCfg = Debug|Any CPU
		{2721205A-63FD-4E38-9DC3-8C9996FB6716}.Debug|Any CPU.Build.0 = Debug|Any CPU
		{2721205A-63FD-4E38-9DC3-8C9996FB6716}.Release|Any CPU.ActiveCfg = Release|Any CPU
		{2721205A-63FD-4E38-9DC3-8C9996FB6716}.Release|Any CPU.Build.0 = Release|Any CPU
		{8733CBCE-0099-477B-882C-B71A76361C23}.Debug|Any CPU.ActiveCfg = Debug|Any CPU
		{8733CBCE-0099-477B-882C-B71A76361C23}.Debug|Any CPU.Build.0 = Debug|Any CPU
		{8733CBCE-0099-477B-882C-B71A76361C23}.Release|Any CPU.ActiveCfg = Release|Any CPU
		{8733CBCE-0099-477B-882C-B71A76361C23}.Release|Any CPU.Build.0 = Release|Any CPU
		{0B8E8AE1-241A-476B-BC64-37FBCF742971}.Debug|Any CPU.ActiveCfg = Debug|Any CPU
		{0B8E8AE1-241A-476B-BC64-37FBCF742971}.Debug|Any CPU.Build.0 = Debug|Any CPU
		{0B8E8AE1-241A-476B-BC64-37FBCF742971}.Release|Any CPU.ActiveCfg = Release|Any CPU
		{0B8E8AE1-241A-476B-BC64-37FBCF742971}.Release|Any CPU.Build.0 = Release|Any CPU
		{C2C3D1EF-26C1-4625-A8C0-D01D7141CD00}.Debug|Any CPU.ActiveCfg = Debug|Any CPU
		{C2C3D1EF-26C1-4625-A8C0-D01D7141CD00}.Debug|Any CPU.Build.0 = Debug|Any CPU
		{C2C3D1EF-26C1-4625-A8C0-D01D7141CD00}.Release|Any CPU.ActiveCfg = Release|Any CPU
		{C2C3D1EF-26C1-4625-A8C0-D01D7141CD00}.Release|Any CPU.Build.0 = Release|Any CPU
	EndGlobalSection
	GlobalSection(NestedProjects) = preSolution
		{83397109-EF86-4B66-8CF6-6C4589B0AAA4} = {EF5E46F7-AFC2-40BC-BAAA-76A171E19E4F}
		{8700AADE-B4B4-48CA-95EC-4855EC33BF3C} = {EF5E46F7-AFC2-40BC-BAAA-76A171E19E4F}
		{333663C7-E53C-422F-A27B-A4A97E7A24CE} = {EF5E46F7-AFC2-40BC-BAAA-76A171E19E4F}
		{D5F2D927-17FB-48E5-9388-D5C5B819A075} = {EF5E46F7-AFC2-40BC-BAAA-76A171E19E4F}
		{2721205A-63FD-4E38-9DC3-8C9996FB6716} = {EF5E46F7-AFC2-40BC-BAAA-76A171E19E4F}
		{8733CBCE-0099-477B-882C-B71A76361C23} = {A233F90C-EDDA-428F-9BF4-317D2AF9F4CB}
		{0B8E8AE1-241A-476B-BC64-37FBCF742971} = {A233F90C-EDDA-428F-9BF4-317D2AF9F4CB}
		{C2C3D1EF-26C1-4625-A8C0-D01D7141CD00} = {A233F90C-EDDA-428F-9BF4-317D2AF9F4CB}
	EndGlobalSection
EndGlobal
